version = 1

[[packages]]
name = "arrayvec"
version = "0.7.8"
source = "https://static.crates.io/crates/arrayvec/0.7.8/download"
checksum = "d3fb67a6e08acf24fdeccbac2cb6ac4305825bd1f117462e0e6f2f193345ad56"
dependencies = []

[[packages]]
name = "aws-lc-rs"
version = "1.18.1"
source = "https://static.crates.io/crates/aws-lc-rs/1.18.1/download"
checksum = "b281d307588d634de920874890732659e2e7672f72b5e10e81badc1a8a83621e"
dependencies = [
    "aws-lc-sys 0.45.0",
    "untrusted 0.7.1",
    "zeroize 1.9.0",
]

[[packages]]
name = "aws-lc-sys"
version = "0.45.0"
source = "https://static.crates.io/crates/aws-lc-sys/0.45.0/download"
checksum = "9bff6c3b54fad79a2e60b8102caf565819711497c1f5f092f49508e2f5c31b27"
dependencies = [
    "cc 1.4.7",
    "cmake 0.1.58",
    "dunce 1.0.5",
    "fs_extra 1.3.0",
    "pkg-config 0.3.34",
]

[[packages]]
name = "blake3"
version = "1.8.7"
source = "https://static.crates.io/crates/blake3/1.8.7/download"
checksum = "6d9e454fc11f76977dc803893aff6304ed33d6a26efae8696573bea74baa27ae"
dependencies = [
    "arrayvec 0.7.8",
    "cc 1.4.7",
    "cfg-if 1.0.5",
    "constant_time_eq 0.4.2",
    "cpufeatures 0.3.1",
]

[[packages]]
name = "cc"
version = "1.4.7"
source = "https://static.crates.io/crates/cc/1.4.7/download"
checksum = "54413ede23c2daf518f35156dfde027feb2374004d63bd497f983c8db9c0e313"
dependencies = [
    "find-msvc-tools 0.1.13",
    "jobserver 0.1.35",
    "libc 0.2.189",
    "shlex 2.0.1",
]

[[packages]]
name = "cfg-if"
version = "1.0.5"
source = "https://static.crates.io/crates/cfg-if/1.0.5/download"
checksum = "4e7648175b45a9a48536d676f68d918270699102aa8dab5496df06904c914600"
dependencies = []

[[packages]]
name = "cmake"
version = "0.1.58"
source = "https://static.crates.io/crates/cmake/0.1.58/download"
checksum = "c0f78a02292a74a88ac736019ab962ece0bc380e3f977bf72e376c5d78ff0678"
dependencies = ["cc 1.4.7"]

[[packages]]
name = "constant_time_eq"
version = "0.4.2"
source = "https://static.crates.io/crates/constant_time_eq/0.4.2/download"
checksum = "3d52eff69cd5e647efe296129160853a42795992097e8af39800e1060caeea9b"
dependencies = []

[[packages]]
name = "cpufeatures"
version = "0.3.1"
source = "https://static.crates.io/crates/cpufeatures/0.3.1/download"
checksum = "5ca28b0ae3115b884660db4118d803791fd6756b6e88f39c0f3f7859060d7566"
dependencies = [
    "libc 0.2.189",
    "libc 0.2.189",
    "libc 0.2.189",
    "libc 0.2.189",
]

[[packages]]
name = "dunce"
version = "1.0.5"
source = "https://static.crates.io/crates/dunce/1.0.5/download"
checksum = "92773504d58c093f6de2459af4af33faa518c13451eb8f2b5698ed3d36e7c813"
dependencies = []

[[packages]]
name = "find-msvc-tools"
version = "0.1.13"
source = "https://static.crates.io/crates/find-msvc-tools/0.1.13/download"
checksum = "ef25905e51abafe4dcea6c15fec58c57b601cdbd0ee53d22ea1d3016c587d39b"
dependencies = []

[[packages]]
name = "fs_extra"
version = "1.3.0"
source = "https://static.crates.io/crates/fs_extra/1.3.0/download"
checksum = "42703706b716c37f96a77aea830392ad231f44c9e9a67872fa5548707e11b11c"
dependencies = []

[[packages]]
name = "getrandom"
version = "0.4.3"
source = "https://static.crates.io/crates/getrandom/0.4.3/download"
checksum = "300e883d756b2e4ec94e02791f39b04b522276138852cfc41d9fb7e904106099"
dependencies = [
    "cfg-if 1.0.5",
    "libc 0.2.189",
    "libc 0.2.189",
    "libc 0.2.189",
    "libc 0.2.189",
    "libc 0.2.189",
    "libc 0.2.189",
    "libc 0.2.189",
    "libc 0.2.189",
    "r-efi 6.0.0",
]

[[packages]]
name = "jobserver"
version = "0.1.35"
source = "https://static.crates.io/crates/jobserver/0.1.35/download"
checksum = "1c00acbd29eabad4a2392fa0e921c874934dbbf4194312ad20f04a0ed67a3cb3"
dependencies = [
    "getrandom 0.4.3",
    "libc 0.2.189",
]

[[packages]]
name = "libc"
version = "0.2.189"
source = "https://static.crates.io/crates/libc/0.2.189/download"
checksum = "3eaf3ede3fee6db1a4c2ee091bf8a8b4dccdc6d17f656fb07896ee72867612f2"
dependencies = []

[[packages]]
name = "pkg-config"
version = "0.3.34"
source = "https://static.crates.io/crates/pkg-config/0.3.34/download"
checksum = "f6b464fbc74e149a392436b17d523f769e057cb6877f6a5c4618bc6f11800548"
dependencies = []

[[packages]]
name = "r-efi"
version = "6.0.0"
source = "https://static.crates.io/crates/r-efi/6.0.0/download"
checksum = "f8dcc9c7d52a811697d2151c701e0d08956f92b0e24136cf4cf27b57a6a0d9bf"
dependencies = []

[[packages]]
name = "shlex"
version = "2.0.1"
source = "https://static.crates.io/crates/shlex/2.0.1/download"
checksum = "f8fadd59c855ef2080decdef8ff161eb6661b86933c9d82e5ba29dc602a55aba"
dependencies = []

[[packages]]
name = "untrusted"
version = "0.7.1"
source = "https://static.crates.io/crates/untrusted/0.7.1/download"
checksum = "a156c684c91ea7d62626509bce3cb4e1d9ed5c4d978f7b4352658f96a4c26b4a"
dependencies = []

[[packages]]
name = "zeroize"
version = "1.9.0"
source = "https://static.crates.io/crates/zeroize/1.9.0/download"
checksum = "e13c156562582aa81c60cb29407084cdb54c4164760106ab78e6c5b0858cf64e"
dependencies = []
